{
  "name": "demo",
  "version": "1.0.0",
  "lockfileVersion": 1,
  "requires": true,
  "dependencies": {
    "@fancyapps/fancybox": {
      "version": "3.5.2",
      "resolved": "https://registry.npmjs.org/@fancyapps/fancybox/-/fancybox-3.5.2.tgz",
      "integrity": "sha512-8xZcTc8wNq53ihacnomPtw5uG/KccgYAa+KNl/3PLwlz1Aldl+LzYSTQA0GW39JMJkfE6aiTQrSxte36uxNJqQ=="
    },
    "jquery": {
      "version": "3.3.1",
      "resolved": "https://registry.npmjs.org/jquery/-/jquery-3.3.1.tgz",
      "integrity": "sha512-Ubldcmxp5np52/ENotGxlLe6aGMvmF4R8S6tZjsP6Knsaxd/xp3Zrh50cG93lR6nPXyUFwzN3ZSOQI0wRJNdGg=="
    }
  }
}
